{
  "originHash" : "59c85a3e8d4fd5da03f51aee0ceb6ad9e165c588ab529f3f999db937bc34a493",
  "pins" : [
    {
      "identity" : "swift-ascii",
      "kind" : "remoteSourceControl",
      "location" : "https://github.com/swift-atoms/swift-ascii.git",
      "state" : {
        "branch" : "main",
        "revision" : "1e5bf15a29cb88464acc0679ec943be4dee67400"
      }
    },
    {
      "identity" : "swift-bit",
      "kind" : "remoteSourceControl",
      "location" : "https://github.com/swift-atoms/swift-bit.git",
      "state" : {
        "branch" : "main",
        "revision" : "766a2d9ace9041c309010ba416d62f67e7a56511"
      }
    },
    {
      "identity" : "swift-byte",
      "kind" : "remoteSourceControl",
      "location" : "https://github.com/swift-atoms/swift-byte.git",
      "state" : {
        "branch" : "main",
        "revision" : "f302f4247f4e4ceb5d756e0d211f6b83400555ee"
      }
    },
    {
      "identity" : "swift-carrier",
      "kind" : "remoteSourceControl",
      "location" : "https://github.com/swift-atoms/swift-carrier.git",
      "state" : {
        "branch" : "main",
        "revision" : "da4fca3a867619948a222ae00aef73657e135ea3"
      }
    },
    {
      "identity" : "swift-ownership",
      "kind" : "remoteSourceControl",
      "location" : "https://github.com/swift-atoms/swift-ownership.git",
      "state" : {
        "branch" : "main",
        "revision" : "0b3ceae68d4a6c5afefba8a54ebaff3e233cfc4b"
      }
    },
    {
      "identity" : "swift-tagged",
      "kind" : "remoteSourceControl",
      "location" : "https://github.com/swift-atoms/swift-tagged.git",
      "state" : {
        "branch" : "main",
        "revision" : "8801f81bb913f368e142de5acf463a91d9ed10f1"
      }
    }
  ],
  "version" : 3
}
